
Microsoft Visual Studio Solution File, Format Version 12.00
# Visual Studio Version 17
VisualStudioVersion = 17.8.34330.188
MinimumVisualStudioVersion = 10.0.40219.1
Project("{9A19103F-16F7-4668-BE54-9A1E7A4F7556}") = "eShop.Data", "eShop.Data\eShop.Data.csproj", "{E243AAB3-9CA8-4AB8-8DDE-A185C94FBF66}"
EndProject
Project("{9A19103F-16F7-4668-BE54-9A1E7A4F7556}") = "eShop.Data.Shared", "eShop.Data.Shared\eShop.Data.Shared.csproj", "{731F3653-7645-4296-A02C-82DAD11FA8E6}"
EndProject
Project("{9A19103F-16F7-4668-BE54-9A1E7A4F7556}") = "eShop.API.Category", "eShop.API.Categories\eShop.API.Category.csproj", "{C6708BB1-3001-4E7F-BC6E-F59DD4D7BAAD}"
EndProject
Project("{9A19103F-16F7-4668-BE54-9A1E7A4F7556}") = "eShop.API.Extensions", "eShop.API.Extensions\eShop.API.Extensions.csproj", "{F5E6AF60-C029-4AF0-A92C-FC0A3559AD51}"
EndProject
Project("{9A19103F-16F7-4668-BE54-9A1E7A4F7556}") = "eShop.API.DTO", "eShop.API.DTO\eShop.API.DTO.csproj", "{607A5757-ECD1-4F22-9E87-AC595B18FEF2}"
EndProject
Project("{FAE04EC0-301F-11D3-BF4B-00C04F79EFBC}") = "eShop.UI", "eShop.UI\eShop.UI.csproj", "{235407F9-0F63-4C22-AA18-5B69E06CDF9B}"
EndProject
Global
	GlobalSection(SolutionConfigurationPlatforms) = preSolution
		Debug|Any CPU = Debug|Any CPU
		Release|Any CPU = Release|Any CPU
	EndGlobalSection
	GlobalSection(ProjectConfigurationPlatforms) = postSolution
		{E243AAB3-9CA8-4AB8-8DDE-A185C94FBF66}.Debug|Any CPU.ActiveCfg = Debug|Any CPU
		{E243AAB3-9CA8-4AB8-8DDE-A185C94FBF66}.Debug|Any CPU.Build.0 = Debug|Any CPU
		{E243AAB3-9CA8-4AB8-8DDE-A185C94FBF66}.Release|Any CPU.ActiveCfg = Release|Any CPU
		{E243AAB3-9CA8-4AB8-8DDE-A185C94FBF66}.Release|Any CPU.Build.0 = Release|Any CPU
		{731F3653-7645-4296-A02C-82DAD11FA8E6}.Debug|Any CPU.ActiveCfg = Debug|Any CPU
		{731F3653-7645-4296-A02C-82DAD11FA8E6}.Debug|Any CPU.Build.0 = Debug|Any CPU
		{731F3653-7645-4296-A02C-82DAD11FA8E6}.Release|Any CPU.ActiveCfg = Release|Any CPU
		{731F3653-7645-4296-A02C-82DAD11FA8E6}.Release|Any CPU.Build.0 = Release|Any CPU
		{C6708BB1-3001-4E7F-BC6E-F59DD4D7BAAD}.Debug|Any CPU.ActiveCfg = Debug|Any CPU
		{C6708BB1-3001-4E7F-BC6E-F59DD4D7BAAD}.Debug|Any CPU.Build.0 = Debug|Any CPU
		{C6708BB1-3001-4E7F-BC6E-F59DD4D7BAAD}.Release|Any CPU.ActiveCfg = Release|Any CPU
		{C6708BB1-3001-4E7F-BC6E-F59DD4D7BAAD}.Release|Any CPU.Build.0 = Release|Any CPU
		{F5E6AF60-C029-4AF0-A92C-FC0A3559AD51}.Debug|Any CPU.ActiveCfg = Debug|Any CPU
		{F5E6AF60-C029-4AF0-A92C-FC0A3559AD51}.Debug|Any CPU.Build.0 = Debug|Any CPU
		{F5E6AF60-C029-4AF0-A92C-FC0A3559AD51}.Release|Any CPU.ActiveCfg = Release|Any CPU
		{F5E6AF60-C029-4AF0-A92C-FC0A3559AD51}.Release|Any CPU.Build.0 = Release|Any CPU
		{607A5757-ECD1-4F22-9E87-AC595B18FEF2}.Debug|Any CPU.ActiveCfg = Debug|Any CPU
		{607A5757-ECD1-4F22-9E87-AC595B18FEF2}.Debug|Any CPU.Build.0 = Debug|Any CPU
		{607A5757-ECD1-4F22-9E87-AC595B18FEF2}.Release|Any CPU.ActiveCfg = Release|Any CPU
		{607A5757-ECD1-4F22-9E87-AC595B18FEF2}.Release|Any CPU.Build.0 = Release|Any CPU
		{235407F9-0F63-4C22-AA18-5B69E06CDF9B}.Debug|Any CPU.ActiveCfg = Debug|Any CPU
		{235407F9-0F63-4C22-AA18-5B69E06CDF9B}.Debug|Any CPU.Build.0 = Debug|Any CPU
		{235407F9-0F63-4C22-AA18-5B69E06CDF9B}.Release|Any CPU.ActiveCfg = Release|Any CPU
		{235407F9-0F63-4C22-AA18-5B69E06CDF9B}.Release|Any CPU.Build.0 = Release|Any CPU
	EndGlobalSection
	GlobalSection(SolutionProperties) = preSolution
		HideSolutionNode = FALSE
	EndGlobalSection
	GlobalSection(ExtensibilityGlobals) = postSolution
		SolutionGuid = {24DACDB0-F647-4F16-94D4-6E1FE500C957}
	EndGlobalSection
EndGlobal
